<Solution>
  <Folder Name="/API/">
    <Project Path="SGCM.ApiWeb/SGCM.ApiWeb.csproj" Id="2bf2e69d-0d3b-4bc0-aec8-41a58fdec567" />
  </Folder>
  <Folder Name="/Application/">
    <Project Path="SGCM.Application/SGCM.Application.csproj" />
  </Folder>
  <Folder Name="/Core/">
    <Project Path="SGCM.Domain/SGCM.Domain.csproj" />
    <Project Path="SGCM.Model/SGCM.Model.csproj" />
  </Folder>
  <Folder Name="/Infraestructure/">
    <Project Path="SGCM.Infraestructure/SGCM.Infraestructure.csproj" />
    <Project Path="SGCM.Persistence/SGCM.Persistence.csproj" />
  </Folder>
  <Folder Name="/IOC/">
    <Project Path="SGCM.IOC/SGCM.IOC.csproj" />
  </Folder>
  <Folder Name="/Test/">
    <Project Path="SGCM.Applicaction.Test/SGCM.Application.Test.csproj" />
    <Project Path="SGCM.Persistence.Test/SGCM.Persistence.Test.csproj" />
  </Folder>
  <Folder Name="/Web/" />
</Solution>
